
Microsoft Visual Studio Solution File, Format Version 12.00
# Visual Studio Version 16
VisualStudioVersion = 16.0.30907.101
MinimumVisualStudioVersion = 10.0.40219.1
Project("{FAE04EC0-301F-11D3-BF4B-00C04F79EFBC}") = "Crypt", "Crypt\Crypt.csproj", "{DE3132C7-850A-487D-A6F6-DF1AD4BE0BAD}"
EndProject
Global
	GlobalSection(SolutionConfigurationPlatforms) = preSolution
		Debug|Any CPU = Debug|Any CPU
		Release|Any CPU = Release|Any CPU
	EndGlobalSection
	GlobalSection(ProjectConfigurationPlatforms) = postSolution
		{DE3132C7-850A-487D-A6F6-DF1AD4BE0BAD}.Debug|Any CPU.ActiveCfg = Debug|Any CPU
		{DE3132C7-850A-487D-A6F6-DF1AD4BE0BAD}.Debug|Any CPU.Build.0 = Debug|Any CPU
		{DE3132C7-850A-487D-A6F6-DF1AD4BE0BAD}.Release|Any CPU.ActiveCfg = Release|Any CPU
		{DE3132C7-850A-487D-A6F6-DF1AD4BE0BAD}.Release|Any CPU.Build.0 = Release|Any CPU
	EndGlobalSection
	GlobalSection(SolutionProperties) = preSolution
		HideSolutionNode = FALSE
	EndGlobalSection
	GlobalSection(ExtensibilityGlobals) = postSolution
		SolutionGuid = {57CBD2BF-D7D2-4AC0-8F34-3A5702EEA346}
	EndGlobalSection
EndGlobal
